
Microsoft Visual Studio Solution File, Format Version 12.00
# Visual Studio 15
VisualStudioVersion = 15.0.27703.2026
MinimumVisualStudioVersion = 10.0.40219.1
Project("{FAE04EC0-301F-11D3-BF4B-00C04F79EFBC}") = "TestProject", "TestProject.csproj", "{FEA574A5-332B-4FD0-B660-35893F80B0DC}"
EndProject
Global
	GlobalSection(SolutionConfigurationPlatforms) = preSolution
		Debug|Any CPU = Debug|Any CPU
		Release|Any CPU = Release|Any CPU
	EndGlobalSection
	GlobalSection(ProjectConfigurationPlatforms) = postSolution
		{FEA574A5-332B-4FD0-B660-35893F80B0DC}.Debug|Any CPU.ActiveCfg = Debug|Any CPU
		{FEA574A5-332B-4FD0-B660-35893F80B0DC}.Debug|Any CPU.Build.0 = Debug|Any CPU
		{FEA574A5-332B-4FD0-B660-35893F80B0DC}.Release|Any CPU.ActiveCfg = Release|Any CPU
		{FEA574A5-332B-4FD0-B660-35893F80B0DC}.Release|Any CPU.Build.0 = Release|Any CPU
	EndGlobalSection
	GlobalSection(SolutionProperties) = preSolution
		HideSolutionNode = FALSE
	EndGlobalSection
	GlobalSection(ExtensibilityGlobals) = postSolution
		SolutionGuid = {E2EC6D5C-A7C0-4285-901C-7BC386B1F502}
	EndGlobalSection
EndGlobal
